
Microsoft Visual Studio Solution File, Format Version 12.00
# Visual Studio 15
VisualStudioVersion = 15.0.28307.572
MinimumVisualStudioVersion = 10.0.40219.1
Project("{FAE04EC0-301F-11D3-BF4B-00C04F79EFBC}") = "LinqXml20", "LinqXml20\LinqXml20.csproj", "{28A638AE-E5AD-4C9D-8E23-14DFE1C02B23}"
EndProject
Project("{FAE04EC0-301F-11D3-BF4B-00C04F79EFBC}") = "LinqXml5", "LinqXml5\LinqXml5.csproj", "{3AF3F3A6-34C3-46B3-BCBC-7FE1DB614989}"
EndProject
Project("{FAE04EC0-301F-11D3-BF4B-00C04F79EFBC}") = "LinqXml35", "LinqXml35\LinqXml35.csproj", "{AAADF34F-B47A-44FF-A3F1-65EE6E36D9C2}"
EndProject
Project("{FAE04EC0-301F-11D3-BF4B-00C04F79EFBC}") = "LinqXml50", "LinqXml50\LinqXml50.csproj", "{7502BBA2-DB93-46E1-8278-6E3D27D130AD}"
EndProject
Project("{FAE04EC0-301F-11D3-BF4B-00C04F79EFBC}") = "LinqXml65", "LinqXml65\LinqXml65.csproj", "{6C106D17-9C7A-41F2-AE54-15CA22D7461F}"
EndProject
Project("{FAE04EC0-301F-11D3-BF4B-00C04F79EFBC}") = "LinqXml80", "LinqXml80\LinqXml80.csproj", "{E5C15562-DA4F-4669-A0DD-0C8FE75F828F}"
EndProject
Project("{FAE04EC0-301F-11D3-BF4B-00C04F79EFBC}") = "LinqXml53", "LinqXml53\LinqXml53.csproj", "{4E774E47-CD3F-4518-B7F7-257582B5E45D}"
EndProject
Project("{FAE04EC0-301F-11D3-BF4B-00C04F79EFBC}") = "LinqXml68", "LinqXml68\LinqXml68.csproj", "{5A1795C0-B8D8-4D9F-8291-3D638AE8C760}"
EndProject
Project("{FAE04EC0-301F-11D3-BF4B-00C04F79EFBC}") = "LinqXml83", "LinqXml83\LinqXml83.csproj", "{83FFA43E-44A0-4006-9855-E627B6BB3EBA}"
EndProject
Global
	GlobalSection(SolutionConfigurationPlatforms) = preSolution
		Debug|Any CPU = Debug|Any CPU
		Release|Any CPU = Release|Any CPU
	EndGlobalSection
	GlobalSection(ProjectConfigurationPlatforms) = postSolution
		{28A638AE-E5AD-4C9D-8E23-14DFE1C02B23}.Debug|Any CPU.ActiveCfg = Debug|Any CPU
		{28A638AE-E5AD-4C9D-8E23-14DFE1C02B23}.Debug|Any CPU.Build.0 = Debug|Any CPU
		{28A638AE-E5AD-4C9D-8E23-14DFE1C02B23}.Release|Any CPU.ActiveCfg = Release|Any CPU
		{28A638AE-E5AD-4C9D-8E23-14DFE1C02B23}.Release|Any CPU.Build.0 = Release|Any CPU
		{3AF3F3A6-34C3-46B3-BCBC-7FE1DB614989}.Debug|Any CPU.ActiveCfg = Debug|Any CPU
		{3AF3F3A6-34C3-46B3-BCBC-7FE1DB614989}.Debug|Any CPU.Build.0 = Debug|Any CPU
		{3AF3F3A6-34C3-46B3-BCBC-7FE1DB614989}.Release|Any CPU.ActiveCfg = Release|Any CPU
		{3AF3F3A6-34C3-46B3-BCBC-7FE1DB614989}.Release|Any CPU.Build.0 = Release|Any CPU
		{AAADF34F-B47A-44FF-A3F1-65EE6E36D9C2}.Debug|Any CPU.ActiveCfg = Debug|Any CPU
		{AAADF34F-B47A-44FF-A3F1-65EE6E36D9C2}.Debug|Any CPU.Build.0 = Debug|Any CPU
		{AAADF34F-B47A-44FF-A3F1-65EE6E36D9C2}.Release|Any CPU.ActiveCfg = Release|Any CPU
		{AAADF34F-B47A-44FF-A3F1-65EE6E36D9C2}.Release|Any CPU.Build.0 = Release|Any CPU
		{7502BBA2-DB93-46E1-8278-6E3D27D130AD}.Debug|Any CPU.ActiveCfg = Debug|Any CPU
		{7502BBA2-DB93-46E1-8278-6E3D27D130AD}.Debug|Any CPU.Build.0 = Debug|Any CPU
		{7502BBA2-DB93-46E1-8278-6E3D27D130AD}.Release|Any CPU.ActiveCfg = Release|Any CPU
		{7502BBA2-DB93-46E1-8278-6E3D27D130AD}.Release|Any CPU.Build.0 = Release|Any CPU
		{6C106D17-9C7A-41F2-AE54-15CA22D7461F}.Debug|Any CPU.ActiveCfg = Debug|Any CPU
		{6C106D17-9C7A-41F2-AE54-15CA22D7461F}.Debug|Any CPU.Build.0 = Debug|Any CPU
		{6C106D17-9C7A-41F2-AE54-15CA22D7461F}.Release|Any CPU.ActiveCfg = Release|Any CPU
		{6C106D17-9C7A-41F2-AE54-15CA22D7461F}.Release|Any CPU.Build.0 = Release|Any CPU
		{E5C15562-DA4F-4669-A0DD-0C8FE75F828F}.Debug|Any CPU.ActiveCfg = Debug|Any CPU
		{E5C15562-DA4F-4669-A0DD-0C8FE75F828F}.Debug|Any CPU.Build.0 = Debug|Any CPU
		{E5C15562-DA4F-4669-A0DD-0C8FE75F828F}.Release|Any CPU.ActiveCfg = Release|Any CPU
		{E5C15562-DA4F-4669-A0DD-0C8FE75F828F}.Release|Any CPU.Build.0 = Release|Any CPU
		{4E774E47-CD3F-4518-B7F7-257582B5E45D}.Debug|Any CPU.ActiveCfg = Debug|Any CPU
		{4E774E47-CD3F-4518-B7F7-257582B5E45D}.Debug|Any CPU.Build.0 = Debug|Any CPU
		{4E774E47-CD3F-4518-B7F7-257582B5E45D}.Release|Any CPU.ActiveCfg = Release|Any CPU
		{4E774E47-CD3F-4518-B7F7-257582B5E45D}.Release|Any CPU.Build.0 = Release|Any CPU
		{5A1795C0-B8D8-4D9F-8291-3D638AE8C760}.Debug|Any CPU.ActiveCfg = Debug|Any CPU
		{5A1795C0-B8D8-4D9F-8291-3D638AE8C760}.Debug|Any CPU.Build.0 = Debug|Any CPU
		{5A1795C0-B8D8-4D9F-8291-3D638AE8C760}.Release|Any CPU.ActiveCfg = Release|Any CPU
		{5A1795C0-B8D8-4D9F-8291-3D638AE8C760}.Release|Any CPU.Build.0 = Release|Any CPU
		{83FFA43E-44A0-4006-9855-E627B6BB3EBA}.Debug|Any CPU.ActiveCfg = Debug|Any CPU
		{83FFA43E-44A0-4006-9855-E627B6BB3EBA}.Debug|Any CPU.Build.0 = Debug|Any CPU
		{83FFA43E-44A0-4006-9855-E627B6BB3EBA}.Release|Any CPU.ActiveCfg = Release|Any CPU
		{83FFA43E-44A0-4006-9855-E627B6BB3EBA}.Release|Any CPU.Build.0 = Release|Any CPU
	EndGlobalSection
	GlobalSection(SolutionProperties) = preSolution
		HideSolutionNode = FALSE
	EndGlobalSection
	GlobalSection(ExtensibilityGlobals) = postSolution
		SolutionGuid = {7132966D-504B-4024-A1EB-26707124E919}
	EndGlobalSection
EndGlobal
